// !$*UTF8*$!
{
	archiveVersion = 1;
	classes = {
	};
	objectVersion = 56;
	objects = {

/* Begin PBXBuildFile section */
		BD0FA7092A868E32008B1DD6 /* q_and_aApp.swift in Sources */ = {isa = PBXBuildFile; fileRef = BD0FA7082A868E32008B1DD6 /* q_and_aApp.swift */; };
		BD0FA70B2A868E32008B1DD6 /* ContentView.swift in Sources */ = {isa = PBXBuildFile; fileRef = BD0FA70A2A868E32008B1DD6 /* ContentView.swift */; };
		BD0FA70D2A868E33008B1DD6 /* Assets.xcassets in Resources */ = {isa = PBXBuildFile; fileRef = BD0FA70C2A868E33008B1DD6 /* Assets.xcassets */; };
		BD0FA7102A868E33008B1DD6 /* Preview Assets.xcassets in Resources */ = {isa = PBXBuildFile; fileRef = BD0FA70F2A868E33008B1DD6 /* Preview Assets.xcassets */; };
		BD0FA71A2A868E33008B1DD6 /* q_and_aTests.swift in Sources */ = {isa = PBXBuildFile; fileRef = BD0FA7192A868E33008B1DD6 /* q_and_aTests.swift */; };
		BD0FA7242A868E33008B1DD6 /* q_and_aUITests.swift in Sources */ = {isa = PBXBuildFile; fileRef = BD0FA7232A868E33008B1DD6 /* q_and_aUITests.swift */; };
		BD0FA7262A868E33008B1DD6 /* q_and_aUITestsLaunchTests.swift in Sources */ = {isa = PBXBuildFile; fileRef = BD0FA7252A868E33008B1DD6 /* q_and_aUITestsLaunchTests.swift */; };
/* End PBXBuildFile section */

/* Begin PBXContainerItemProxy section */
		BD0FA7162A868E33008B1DD6 /* PBXContainerItemProxy */ = {
			isa = PBXContainerItemProxy;
			containerPortal = BD0FA6FD2A868E32008B1DD6 /* Project object */;
			proxyType = 1;
			remoteGlobalIDString = BD0FA7042A868E32008B1DD6;
			remoteInfo = "q and a";
		};
		BD0FA7202A868E33008B1DD6 /* PBXContainerItemProxy */ = {
			isa = PBXContainerItemProxy;
			containerPortal = BD0FA6FD2A868E32008B1DD6 /* Project object */;
			proxyType = 1;
			remoteGlobalIDString = BD0FA7042A868E32008B1DD6;
			remoteInfo = "q and a";
		};
/* End PBXContainerItemProxy section */

/* Begin PBXFileReference section */
		BD0FA7052A868E32008B1DD6 /* q and a.app */ = {isa = PBXFileReference; explicitFileType = wrapper.application; includeInIndex = 0; path = "q and a.app"; sourceTree = BUILT_PRODUCTS_DIR; };
		BD0FA7082A868E32008B1DD6 /* q_and_aApp.swift */ = {isa = PBXFileReference; lastKnownFileType = sourcecode.swift; path = q_and_aApp.swift; sourceTree = "<group>"; };
		BD0FA70A2A868E32008B1DD6 /* ContentView.swift */ = {isa = PBXFileReference; lastKnownFileType = sourcecode.swift; path = ContentView.swift; sourceTree = "<group>"; };
		BD0FA70C2A868E33008B1DD6 /* Assets.xcassets */ = {isa = PBXFileReference; lastKnownFileType = folder.assetcatalog; path = Assets.xcassets; sourceTree = "<group>"; };
		BD0FA70F2A868E33008B1DD6 /* Preview Assets.xcassets */ = {isa = PBXFileReference; lastKnownFileType = folder.assetcatalog; path = "Preview Assets.xcassets"; sourceTree = "<group>"; };
		BD0FA7152A868E33008B1DD6 /* q and aTests.xctest */ = {isa = PBXFileReference; explicitFileType = wrapper.cfbundle; includeInIndex = 0; path = "q and aTests.xctest"; sourceTree = BUILT_PRODUCTS_DIR; };
		BD0FA7192A868E33008B1DD6 /* q_and_aTests.swift */ = {isa = PBXFileReference; lastKnownFileType = sourcecode.swift; path = q_and_aTests.swift; sourceTree = "<group>"; };
		BD0FA71F2A868E33008B1DD6 /* q and aUITests.xctest */ = {isa = PBXFileReference; explicitFileType = wrapper.cfbundle; includeInIndex = 0; path = "q and aUITests.xctest"; sourceTree = BUILT_PRODUCTS_DIR; };
		BD0FA7232A868E33008B1DD6 /* q_and_aUITests.swift */ = {isa = PBXFileReference; lastKnownFileType = sourcecode.swift; path = q_and_aUITests.swift; sourceTree = "<group>"; };
		BD0FA7252A868E33008B1DD6 /* q_and_aUITestsLaunchTests.swift */ = {isa = PBXFileReference; lastKnownFileType = sourcecode.swift; path = q_and_aUITestsLaunchTests.swift; sourceTree = "<group>"; };
/* End PBXFileReference section */

/* Begin PBXFrameworksBuildPhase section */
		BD0FA7022A868E32008B1DD6 /* Frameworks */ = {
			isa = PBXFrameworksBuildPhase;
			buildActionMask = 2147483647;
			files = (
			);
			runOnlyForDeploymentPostprocessing = 0;
		};
		BD0FA7122A868E33008B1DD6 /* Frameworks */ = {
			isa = PBXFrameworksBuildPhase;
			buildActionMask = 2147483647;
			files = (
			);
			runOnlyForDeploymentPostprocessing = 0;
		};
		BD0FA71C2A868E33008B1DD6 /* Frameworks */ = {
			isa = PBXFrameworksBuildPhase;
			buildActionMask = 2147483647;
			files = (
			);
			runOnlyForDeploymentPostprocessing = 0;
		};
/* End PBXFrameworksBuildPhase section */

/* Begin PBXGroup section */
		BD0FA6FC2A868E32008B1DD6 = {
			isa = PBXGroup;
			children = (
				BD0FA7072A868E32008B1DD6 /* q and a */,
				BD0FA7182A868E33008B1DD6 /* q and aTests */,
				BD0FA7222A868E33008B1DD6 /* q and aUITests */,
				BD0FA7062A868E32008B1DD6 /* Products */,
			);
			sourceTree = "<group>";
		};
		BD0FA7062A868E32008B1DD6 /* Products */ = {
			isa = PBXGroup;
			children = (
				BD0FA7052A868E32008B1DD6 /* q and a.app */,
				BD0FA7152A868E33008B1DD6 /* q and aTests.xctest */,
				BD0FA71F2A868E33008B1DD6 /* q and aUITests.xctest */,
			);
			name = Products;
			sourceTree = "<group>";
		};
		BD0FA7072A868E32008B1DD6 /* q and a */ = {
			isa = PBXGroup;
			children = (
				BD0FA7082A868E32008B1DD6 /* q_and_aApp.swift */,
				BD0FA70A2A868E32008B1DD6 /* ContentView.swift */,
				BD0FA70C2A868E33008B1DD6 /* Assets.xcassets */,
				BD0FA70E2A868E33008B1DD6 /* Preview Content */,
			);
			path = "q and a";
			sourceTree = "<group>";
		};
		BD0FA70E2A868E33008B1DD6 /* Preview Content */ = {
			isa = PBXGroup;
			children = (
				BD0FA70F2A868E33008B1DD6 /* Preview Assets.xcassets */,
			);
			path = "Preview Content";
			sourceTree = "<group>";
		};
		BD0FA7182A868E33008B1DD6 /* q and aTests */ = {
			isa = PBXGroup;
			children = (
				BD0FA7192A868E33008B1DD6 /* q_and_aTests.swift */,
			);
			path = "q and aTests";
			sourceTree = "<group>";
		};
		BD0FA7222A868E33008B1DD6 /* q and aUITests */ = {
			isa = PBXGroup;
			children = (
				BD0FA7232A868E33008B1DD6 /* q_and_aUITests.swift */,
				BD0FA7252A868E33008B1DD6 /* q_and_aUITestsLaunchTests.swift */,
			);
			path = "q and aUITests";
			sourceTree = "<group>";
		};
/* End PBXGroup section */

/* Begin PBXNativeTarget section */
		BD0FA7042A868E32008B1DD6 /* q and a */ = {
			isa = PBXNativeTarget;
			buildConfigurationList = BD0FA7292A868E33008B1DD6 /* Build configuration list for PBXNativeTarget "q and a" */;
			buildPhases = (
				BD0FA7012A868E32008B1DD6 /* Sources */,
				BD0FA7022A868E32008B1DD6 /* Frameworks */,
				BD0FA7032A868E32008B1DD6 /* Resources */,
			);
			buildRules = (
			);
			dependencies = (
			);
			name = "q and a";
			productName = "q and a";
			productReference = BD0FA7052A868E32008B1DD6 /* q and a.app */;
			productType = "com.apple.product-type.application";
		};
		BD0FA7142A868E33008B1DD6 /* q and aTests */ = {
			isa = PBXNativeTarget;
			buildConfigurationList = BD0FA72C2A868E33008B1DD6 /* Build configuration list for PBXNativeTarget "q and aTests" */;
			buildPhases = (
				BD0FA7112A868E33008B1DD6 /* Sources */,
				BD0FA7122A868E33008B1DD6 /* Frameworks */,
				BD0FA7132A868E33008B1DD6 /* Resources */,
			);
			buildRules = (
			);
			dependencies = (
				BD0FA7172A868E33008B1DD6 /* PBXTargetDependency */,
			);
			name = "q and aTests";
			productName = "q and aTests";
			productReference = BD0FA7152A868E33008B1DD6 /* q and aTests.xctest */;
			productType = "com.apple.product-type.bundle.unit-test";
		};
		BD0FA71E2A868E33008B1DD6 /* q and aUITests */ = {
			isa = PBXNativeTarget;
			buildConfigurationList = BD0FA72F2A868E33008B1DD6 /* Build configuration list for PBXNativeTarget "q and aUITests" */;
			buildPhases = (
				BD0FA71B2A868E33008B1DD6 /* Sources */,
				BD0FA71C2A868E33008B1DD6 /* Frameworks */,
				BD0FA71D2A868E33008B1DD6 /* Resources */,
			);
			buildRules = (
			);
			dependencies = (
				BD0FA7212A868E33008B1DD6 /* PBXTargetDependency */,
			);
			name = "q and aUITests";
			productName = "q and aUITests";
			productReference = BD0FA71F2A868E33008B1DD6 /* q and aUITests.xctest */;
			productType = "com.apple.product-type.bundle.ui-testing";
		};
/* End PBXNativeTarget section */

/* Begin PBXProject section */
		BD0FA6FD2A868E32008B1DD6 /* Project object */ = {
			isa = PBXProject;
			attributes = {
				BuildIndependentTargetsInParallel = 1;
				LastSwiftUpdateCheck = 1430;
				LastUpgradeCheck = 1430;
				TargetAttributes = {
					BD0FA7042A868E32008B1DD6 = {
						CreatedOnToolsVersion = 14.3.1;
					};
					BD0FA7142A868E33008B1DD6 = {
						CreatedOnToolsVersion = 14.3.1;
						TestTargetID = BD0FA7042A868E32008B1DD6;
					};
					BD0FA71E2A868E33008B1DD6 = {
						CreatedOnToolsVersion = 14.3.1;
						TestTargetID = BD0FA7042A868E32008B1DD6;
					};
				};
			};
			buildConfigurationList = BD0FA7002A868E32008B1DD6 /* Build configuration list for PBXProject "q and a" */;
			compatibilityVersion = "Xcode 14.0";
			developmentRegion = en;
			hasScannedForEncodings = 0;
			knownRegions = (
				en,
				Base,
			);
			mainGroup = BD0FA6FC2A868E32008B1DD6;
			productRefGroup = BD0FA7062A868E32008B1DD6 /* Products */;
			projectDirPath = "";
			projectRoot = "";
			targets = (
				BD0FA7042A868E32008B1DD6 /* q and a */,
				BD0FA7142A868E33008B1DD6 /* q and aTests */,
				BD0FA71E2A868E33008B1DD6 /* q and aUITests */,
			);
		};
/* End PBXProject section */

/* Begin PBXResourcesBuildPhase section */
		BD0FA7032A868E32008B1DD6 /* Resources */ = {
			isa = PBXResourcesBuildPhase;
			buildActionMask = 2147483647;
			files = (
				BD0FA7102A868E33008B1DD6 /* Preview Assets.xcassets in Resources */,
				BD0FA70D2A868E33008B1DD6 /* Assets.xcassets in Resources */,
			);
			runOnlyForDeploymentPostprocessing = 0;
		};
		BD0FA7132A868E33008B1DD6 /* Resources */ = {
			isa = PBXResourcesBuildPhase;
			buildActionMask = 2147483647;
			files = (
			);
			runOnlyForDeploymentPostprocessing = 0;
		};
		BD0FA71D2A868E33008B1DD6 /* Resources */ = {
			isa = PBXResourcesBuildPhase;
			buildActionMask = 2147483647;
			files = (
			);
			runOnlyForDeploymentPostprocessing = 0;
		};
/* End PBXResourcesBuildPhase section */

/* Begin PBXSourcesBuildPhase section */
		BD0FA7012A868E32008B1DD6 /* Sources */ = {
			isa = PBXSourcesBuildPhase;
			buildActionMask = 2147483647;
			files = (
				BD0FA70B2A868E32008B1DD6 /* ContentView.swift in Sources */,
				BD0FA7092A868E32008B1DD6 /* q_and_aApp.swift in Sources */,
			);
			runOnlyForDeploymentPostprocessing = 0;
		};
		BD0FA7112A868E33008B1DD6 /* Sources */ = {
			isa = PBXSourcesBuildPhase;
			buildActionMask = 2147483647;
			files = (
				BD0FA71A2A868E33008B1DD6 /* q_and_aTests.swift in Sources */,
			);
			runOnlyForDeploymentPostprocessing = 0;
		};
		BD0FA71B2A868E33008B1DD6 /* Sources */ = {
			isa = PBXSourcesBuildPhase;
			buildActionMask = 2147483647;
			files = (
				BD0FA7262A868E33008B1DD6 /* q_and_aUITestsLaunchTests.swift in Sources */,
				BD0FA7242A868E33008B1DD6 /* q_and_aUITests.swift in Sources */,
			);
			runOnlyForDeploymentPostprocessing = 0;
		};
/* End PBXSourcesBuildPhase section */

/* Begin PBXTargetDependency section */
		BD0FA7172A868E33008B1DD6 /* PBXTargetDependency */ = {
			isa = PBXTargetDependency;
			target = BD0FA7042A868E32008B1DD6 /* q and a */;
			targetProxy = BD0FA7162A868E33008B1DD6 /* PBXContainerItemProxy */;
		};
		BD0FA7212A868E33008B1DD6 /* PBXTargetDependency */ = {
			isa = PBXTargetDependency;
			target = BD0FA7042A868E32008B1DD6 /* q and a */;
			targetProxy = BD0FA7202A868E33008B1DD6 /* PBXContainerItemProxy */;
		};
/* End PBXTargetDependency section */

/* Begin XCBuildConfiguration section */
		BD0FA7272A868E33008B1DD6 /* Debug */ = {
			isa = XCBuildConfiguration;
			buildSettings = {
				ALWAYS_SEARCH_USER_PATHS = NO;
				CLANG_ANALYZER_NONNULL = YES;
				CLANG_ANALYZER_NUMBER_OBJECT_CONVERSION = YES_AGGRESSIVE;
				CLANG_CXX_LANGUAGE_STANDARD = "gnu++20";
				CLANG_ENABLE_MODULES = YES;
				CLANG_ENABLE_OBJC_ARC = YES;
				CLANG_ENABLE_OBJC_WEAK = YES;
				CLANG_WARN_BLOCK_CAPTURE_AUTORELEASING = YES;
				CLANG_WARN_BOOL_CONVERSION = YES;
				CLANG_WARN_COMMA = YES;
				CLANG_WARN_CONSTANT_CONVERSION = YES;
				CLANG_WARN_DEPRECATED_OBJC_IMPLEMENTATIONS = YES;
				CLANG_WARN_DIRECT_OBJC_ISA_USAGE = YES_ERROR;
				CLANG_WARN_DOCUMENTATION_COMMENTS = YES;
				CLANG_WARN_EMPTY_BODY = YES;
				CLANG_WARN_ENUM_CONVERSION = YES;
				CLANG_WARN_INFINITE_RECURSION = YES;
				CLANG_WARN_INT_CONVERSION = YES;
				CLANG_WARN_NON_LITERAL_NULL_CONVERSION = YES;
				CLANG_WARN_OBJC_IMPLICIT_RETAIN_SELF = YES;
				CLANG_WARN_OBJC_LITERAL_CONVERSION = YES;
				CLANG_WARN_OBJC_ROOT_CLASS = YES_ERROR;
				CLANG_WARN_QUOTED_INCLUDE_IN_FRAMEWORK_HEADER = YES;
				CLANG_WARN_RANGE_LOOP_ANALYSIS = YES;
				CLANG_WARN_STRICT_PROTOTYPES = YES;
				CLANG_WARN_SUSPICIOUS_MOVE = YES;
				CLANG_WARN_UNGUARDED_AVAILABILITY = YES_AGGRESSIVE;
				CLANG_WARN_UNREACHABLE_CODE = YES;
				CLANG_WARN__DUPLICATE_METHOD_MATCH = YES;
				COPY_PHASE_STRIP = NO;
				DEBUG_INFORMATION_FORMAT = dwarf;
				ENABLE_STRICT_OBJC_MSGSEND = YES;
				ENABLE_TESTABILITY = YES;
				GCC_C_LANGUAGE_STANDARD = gnu11;
				GCC_DYNAMIC_NO_PIC = NO;
				GCC_NO_COMMON_BLOCKS = YES;
				GCC_OPTIMIZATION_LEVEL = 0;
				GCC_PREPROCESSOR_DEFINITIONS = (
					"DEBUG=1",
					"$(inherited)",
				);
				GCC_WARN_64_TO_32_BIT_CONVERSION = YES;
				GCC_WARN_ABOUT_RETURN_TYPE = YES_ERROR;
				GCC_WARN_UNDECLARED_SELECTOR = YES;
				GCC_WARN_UNINITIALIZED_AUTOS = YES_AGGRESSIVE;
				GCC_WARN_UNUSED_FUNCTION = YES;
				GCC_WARN_UNUSED_VARIABLE = YES;
				IPHONEOS_DEPLOYMENT_TARGET = 16.4;
				MTL_ENABLE_DEBUG_INFO = INCLUDE_SOURCE;
				MTL_FAST_MATH = YES;
				ONLY_ACTIVE_ARCH = YES;
				SDKROOT = iphoneos;
				SWIFT_ACTIVE_COMPILATION_CONDITIONS = DEBUG;
				SWIFT_OPTIMIZATION_LEVEL = "-Onone";
			};
			name = Debug;
		};
		BD0FA7282A868E33008B1DD6 /* Release */ = {
			isa = XCBuildConfiguration;
			buildSettings = {
				ALWAYS_SEARCH_USER_PATHS = NO;
				CLANG_ANALYZER_NONNULL = YES;
				CLANG_ANALYZER_NUMBER_OBJECT_CONVERSION = YES_AGGRESSIVE;
				CLANG_CXX_LANGUAGE_STANDARD = "gnu++20";
				CLANG_ENABLE_MODULES = YES;
				CLANG_ENABLE_OBJC_ARC = YES;
				CLANG_ENABLE_OBJC_WEAK = YES;
				CLANG_WARN_BLOCK_CAPTURE_AUTORELEASING = YES;
				CLANG_WARN_BOOL_CONVERSION = YES;
				CLANG_WARN_COMMA = YES;
				CLANG_WARN_CONSTANT_CONVERSION = YES;
				CLANG_WARN_DEPRECATED_OBJC_IMPLEMENTATIONS = YES;
				CLANG_WARN_DIRECT_OBJC_ISA_USAGE = YES_ERROR;
				CLANG_WARN_DOCUMENTATION_COMMENTS = YES;
				CLANG_WARN_EMPTY_BODY = YES;
				CLANG_WARN_ENUM_CONVERSION = YES;
				CLANG_WARN_INFINITE_RECURSION = YES;
				CLANG_WARN_INT_CONVERSION = YES;
				CLANG_WARN_NON_LITERAL_NULL_CONVERSION = YES;
				CLANG_WARN_OBJC_IMPLICIT_RETAIN_SELF = YES;
				CLANG_WARN_OBJC_LITERAL_CONVERSION = YES;
				CLANG_WARN_OBJC_ROOT_CLASS = YES_ERROR;
				CLANG_WARN_QUOTED_INCLUDE_IN_FRAMEWORK_HEADER = YES;
				CLANG_WARN_RANGE_LOOP_ANALYSIS = YES;
				CLANG_WARN_STRICT_PROTOTYPES = YES;
				CLANG_WARN_SUSPICIOUS_MOVE = YES;
				CLANG_WARN_UNGUARDED_AVAILABILITY = YES_AGGRESSIVE;
				CLANG_WARN_UNREACHABLE_CODE = YES;
				CLANG_WARN__DUPLICATE_METHOD_MATCH = YES;
				COPY_PHASE_STRIP = NO;
				DEBUG_INFORMATION_FORMAT = "dwarf-with-dsym";
				ENABLE_NS_ASSERTIONS = NO;
				ENABLE_STRICT_OBJC_MSGSEND = YES;
				GCC_C_LANGUAGE_STANDARD = gnu11;
				GCC_NO_COMMON_BLOCKS = YES;
				GCC_WARN_64_TO_32_BIT_CONVERSION = YES;
				GCC_WARN_ABOUT_RETURN_TYPE = YES_ERROR;
				GCC_WARN_UNDECLARED_SELECTOR = YES;
				GCC_WARN_UNINITIALIZED_AUTOS = YES_AGGRESSIVE;
				GCC_WARN_UNUSED_FUNCTION = YES;
				GCC_WARN_UNUSED_VARIABLE = YES;
				IPHONEOS_DEPLOYMENT_TARGET = 16.4;
				MTL_ENABLE_DEBUG_INFO = NO;
				MTL_FAST_MATH = YES;
				SDKROOT = iphoneos;
				SWIFT_COMPILATION_MODE = wholemodule;
				SWIFT_OPTIMIZATION_LEVEL = "-O";
				VALIDATE_PRODUCT = YES;
			};
			name = Release;
		};
		BD0FA72A2A868E33008B1DD6 /* Debug */ = {
			isa = XCBuildConfiguration;
			buildSettings = {
				ASSETCATALOG_COMPILER_APPICON_NAME = AppIcon;
				ASSETCATALOG_COMPILER_GLOBAL_ACCENT_COLOR_NAME = AccentColor;
				CODE_SIGN_STYLE = Automatic;
				CURRENT_PROJECT_VERSION = 1;
				DEVELOPMENT_ASSET_PATHS = "\"q and a/Preview Content\"";
				ENABLE_PREVIEWS = YES;
				GENERATE_INFOPLIST_FILE = YES;
				INFOPLIST_KEY_UIApplicationSceneManifest_Generation = YES;
				INFOPLIST_KEY_UIApplicationSupportsIndirectInputEvents = YES;
				INFOPLIST_KEY_UILaunchScreen_Generation = YES;
				INFOPLIST_KEY_UISupportedInterfaceOrientations_iPad = "UIInterfaceOrientationPortrait UIInterfaceOrientationPortraitUpsideDown UIInterfaceOrientationLandscapeLeft UIInterfaceOrientationLandscapeRight";
				INFOPLIST_KEY_UISupportedInterfaceOrientations_iPhone = "UIInterfaceOrientationPortrait UIInterfaceOrientationLandscapeLeft UIInterfaceOrientationLandscapeRight";
				LD_RUNPATH_SEARCH_PATHS = (
					"$(inherited)",
					"@executable_path/Frameworks",
				);
				MARKETING_VERSION = 1.0;
				PRODUCT_BUNDLE_IDENTIFIER = "KWK.q-and-a";
				PRODUCT_NAME = "$(TARGET_NAME)";
				SWIFT_EMIT_LOC_STRINGS = YES;
				SWIFT_VERSION = 5.0;
				TARGETED_DEVICE_FAMILY = "1,2";
			};
			name = Debug;
		};
		BD0FA72B2A868E33008B1DD6 /* Release */ = {
			isa = XCBuildConfiguration;
			buildSettings = {
				ASSETCATALOG_COMPILER_APPICON_NAME = AppIcon;
				ASSETCATALOG_COMPILER_GLOBAL_ACCENT_COLOR_NAME = AccentColor;
				CODE_SIGN_STYLE = Automatic;
				CURRENT_PROJECT_VERSION = 1;
				DEVELOPMENT_ASSET_PATHS = "\"q and a/Preview Content\"";
				ENABLE_PREVIEWS = YES;
				GENERATE_INFOPLIST_FILE = YES;
				INFOPLIST_KEY_UIApplicationSceneManifest_Generation = YES;
				INFOPLIST_KEY_UIApplicationSupportsIndirectInputEvents = YES;
				INFOPLIST_KEY_UILaunchScreen_Generation = YES;
				INFOPLIST_KEY_UISupportedInterfaceOrientations_iPad = "UIInterfaceOrientationPortrait UIInterfaceOrientationPortraitUpsideDown UIInterfaceOrientationLandscapeLeft UIInterfaceOrientationLandscapeRight";
				INFOPLIST_KEY_UISupportedInterfaceOrientations_iPhone = "UIInterfaceOrientationPortrait UIInterfaceOrientationLandscapeLeft UIInterfaceOrientationLandscapeRight";
				LD_RUNPATH_SEARCH_PATHS = (
					"$(inherited)",
					"@executable_path/Frameworks",
				);
				MARKETING_VERSION = 1.0;
				PRODUCT_BUNDLE_IDENTIFIER = "KWK.q-and-a";
				PRODUCT_NAME = "$(TARGET_NAME)";
				SWIFT_EMIT_LOC_STRINGS = YES;
				SWIFT_VERSION = 5.0;
				TARGETED_DEVICE_FAMILY = "1,2";
			};
			name = Release;
		};
		BD0FA72D2A868E33008B1DD6 /* Debug */ = {
			isa = XCBuildConfiguration;
			buildSettings = {
				ALWAYS_EMBED_SWIFT_STANDARD_LIBRARIES = YES;
				BUNDLE_LOADER = "$(TEST_HOST)";
				CODE_SIGN_STYLE = Automatic;
				CURRENT_PROJECT_VERSION = 1;
				GENERATE_INFOPLIST_FILE = YES;
				IPHONEOS_DEPLOYMENT_TARGET = 16.4;
				MARKETING_VERSION = 1.0;
				PRODUCT_BUNDLE_IDENTIFIER = "KWK.q-and-aTests";
				PRODUCT_NAME = "$(TARGET_NAME)";
				SWIFT_EMIT_LOC_STRINGS = NO;
				SWIFT_VERSION = 5.0;
				TARGETED_DEVICE_FAMILY = "1,2";
				TEST_HOST = "$(BUILT_PRODUCTS_DIR)/q and a.app/$(BUNDLE_EXECUTABLE_FOLDER_PATH)/q and a";
			};
			name = Debug;
		};
		BD0FA72E2A868E33008B1DD6 /* Release */ = {
			isa = XCBuildConfiguration;
			buildSettings = {
				ALWAYS_EMBED_SWIFT_STANDARD_LIBRARIES = YES;
				BUNDLE_LOADER = "$(TEST_HOST)";
				CODE_SIGN_STYLE = Automatic;
				CURRENT_PROJECT_VERSION = 1;
				GENERATE_INFOPLIST_FILE = YES;
				IPHONEOS_DEPLOYMENT_TARGET = 16.4;
				MARKETING_VERSION = 1.0;
				PRODUCT_BUNDLE_IDENTIFIER = "KWK.q-and-aTests";
				PRODUCT_NAME = "$(TARGET_NAME)";
				SWIFT_EMIT_LOC_STRINGS = NO;
				SWIFT_VERSION = 5.0;
				TARGETED_DEVICE_FAMILY = "1,2";
				TEST_HOST = "$(BUILT_PRODUCTS_DIR)/q and a.app/$(BUNDLE_EXECUTABLE_FOLDER_PATH)/q and a";
			};
			name = Release;
		};
		BD0FA7302A868E33008B1DD6 /* Debug */ = {
			isa = XCBuildConfiguration;
			buildSettings = {
				ALWAYS_EMBED_SWIFT_STANDARD_LIBRARIES = YES;
				CODE_SIGN_STYLE = Automatic;
				CURRENT_PROJECT_VERSION = 1;
				GENERATE_INFOPLIST_FILE = YES;
				MARKETING_VERSION = 1.0;
				PRODUCT_BUNDLE_IDENTIFIER = "KWK.q-and-aUITests";
				PRODUCT_NAME = "$(TARGET_NAME)";
				SWIFT_EMIT_LOC_STRINGS = NO;
				SWIFT_VERSION = 5.0;
				TARGETED_DEVICE_FAMILY = "1,2";
				TEST_TARGET_NAME = "q and a";
			};
			name = Debug;
		};
		BD0FA7312A868E33008B1DD6 /* Release */ = {
			isa = XCBuildConfiguration;
			buildSettings = {
				ALWAYS_EMBED_SWIFT_STANDARD_LIBRARIES = YES;
				CODE_SIGN_STYLE = Automatic;
				CURRENT_PROJECT_VERSION = 1;
				GENERATE_INFOPLIST_FILE = YES;
				MARKETING_VERSION = 1.0;
				PRODUCT_BUNDLE_IDENTIFIER = "KWK.q-and-aUITests";
				PRODUCT_NAME = "$(TARGET_NAME)";
				SWIFT_EMIT_LOC_STRINGS = NO;
				SWIFT_VERSION = 5.0;
				TARGETED_DEVICE_FAMILY = "1,2";
				TEST_TARGET_NAME = "q and a";
			};
			name = Release;
		};
/* End XCBuildConfiguration section */

/* Begin XCConfigurationList section */
		BD0FA7002A868E32008B1DD6 /* Build configuration list for PBXProject "q and a" */ = {
			isa = XCConfigurationList;
			buildConfigurations = (
				BD0FA7272A868E33008B1DD6 /* Debug */,
				BD0FA7282A868E33008B1DD6 /* Release */,
			);
			defaultConfigurationIsVisible = 0;
			defaultConfigurationName = Release;
		};
		BD0FA7292A868E33008B1DD6 /* Build configuration list for PBXNativeTarget "q and a" */ = {
			isa = XCConfigurationList;
			buildConfigurations = (
				BD0FA72A2A868E33008B1DD6 /* Debug */,
				BD0FA72B2A868E33008B1DD6 /* Release */,
			);
			defaultConfigurationIsVisible = 0;
			defaultConfigurationName = Release;
		};
		BD0FA72C2A868E33008B1DD6 /* Build configuration list for PBXNativeTarget "q and aTests" */ = {
			isa = XCConfigurationList;
			buildConfigurations = (
				BD0FA72D2A868E33008B1DD6 /* Debug */,
				BD0FA72E2A868E33008B1DD6 /* Release */,
			);
			defaultConfigurationIsVisible = 0;
			defaultConfigurationName = Release;
		};
		BD0FA72F2A868E33008B1DD6 /* Build configuration list for PBXNativeTarget "q and aUITests" */ = {
			isa = XCConfigurationList;
			buildConfigurations = (
				BD0FA7302A868E33008B1DD6 /* Debug */,
				BD0FA7312A868E33008B1DD6 /* Release */,
			);
			defaultConfigurationIsVisible = 0;
			defaultConfigurationName = Release;
		};
/* End XCConfigurationList section */
	};
	rootObject = BD0FA6FD2A868E32008B1DD6 /* Project object */;
}
